
Microsoft Visual Studio Solution File, Format Version 12.00
Project("{FAE04EC0-301F-11D3-BF4B-00C04F79EFBC}") = "MinimalLinker", "MinimalLinker\MinimalLinker.csproj", "{AC69873E-5313-4C53-9AB9-0F6A2B040B8B}"
EndProject
Global
	GlobalSection(SolutionConfigurationPlatforms) = preSolution
		Debug|Any CPU = Debug|Any CPU
		Release|Any CPU = Release|Any CPU
	EndGlobalSection
	GlobalSection(ProjectConfigurationPlatforms) = postSolution
		{AC69873E-5313-4C53-9AB9-0F6A2B040B8B}.Debug|Any CPU.ActiveCfg = Debug|Any CPU
		{AC69873E-5313-4C53-9AB9-0F6A2B040B8B}.Debug|Any CPU.Build.0 = Debug|Any CPU
		{AC69873E-5313-4C53-9AB9-0F6A2B040B8B}.Release|Any CPU.ActiveCfg = Release|Any CPU
		{AC69873E-5313-4C53-9AB9-0F6A2B040B8B}.Release|Any CPU.Build.0 = Release|Any CPU
	EndGlobalSection
EndGlobal
